
Microsoft Visual Studio Solution File, Format Version 12.00
# Visual Studio 2012
Project("{8BC9CEB8-8B4A-11D0-8D11-00A0C91BC942}") = "StudentTreeVS2012", "StudentTreeVS2012\StudentTreeVS2012.vcxproj", "{157879E9-A7D1-4BD9-95C2-7176E30E6F96}"
EndProject
Global
	GlobalSection(SolutionConfigurationPlatforms) = preSolution
		Debug|Win32 = Debug|Win32
		Release|Win32 = Release|Win32
	EndGlobalSection
	GlobalSection(ProjectConfigurationPlatforms) = postSolution
		{157879E9-A7D1-4BD9-95C2-7176E30E6F96}.Debug|Win32.ActiveCfg = Debug|Win32
		{157879E9-A7D1-4BD9-95C2-7176E30E6F96}.Debug|Win32.Build.0 = Debug|Win32
		{157879E9-A7D1-4BD9-95C2-7176E30E6F96}.Release|Win32.ActiveCfg = Release|Win32
		{157879E9-A7D1-4BD9-95C2-7176E30E6F96}.Release|Win32.Build.0 = Release|Win32
	EndGlobalSection
	GlobalSection(SolutionProperties) = preSolution
		HideSolutionNode = FALSE
	EndGlobalSection
EndGlobal
